version = 1
revision = 3
requires-python = ">=3.13"

[[package]]
name = "compiler"
version = "0.1.0"
source = { virtual = "." }

[package.dev-dependencies]
dev = [
    { name = "graphviz" },
    { name = "shtab" },
]

[package.metadata]

[package.metadata.requires-dev]
dev = [
    { name = "graphviz", specifier = ">=0.21" },
    { name = "shtab", specifier = ">=1.8.0" },
]

[[package]]
name = "graphviz"
version = "0.21"
source = { registry = "https://pypi.org/simple" }
sdist = { url = "https://files.pythonhosted.org/packages/f8/b3/3ac91e9be6b761a4b30d66ff165e54439dcd48b83f4e20d644867215f6ca/graphviz-0.21.tar.gz", hash = "sha256:20743e7183be82aaaa8ad6c93f8893c923bd6658a04c32ee115edb3c8a835f78", size = 200434, upload-time = "2025-06-15T09:35:05.824Z" }
wheels = [
    { url = "https://files.pythonhosted.org/packages/91/4c/e0ce1ef95d4000ebc1c11801f9b944fa5910ecc15b5e351865763d8657f8/graphviz-0.21-py3-none-any.whl", hash = "sha256:54f33de9f4f911d7e84e4191749cac8cc5653f815b06738c54db9a15ab8b1e42", size = 47300, upload-time = "2025-06-15T09:35:04.433Z" },
]

[[package]]
name = "shtab"
version = "1.8.0"
source = { registry = "https://pypi.org/simple" }
sdist = { url = "https://files.pythonhosted.org/packages/b0/7a/7f131b6082d8b592c32e4312d0a6da3d0b28b8f0d305ddd93e49c9d89929/shtab-1.8.0.tar.gz", hash = "sha256:75f16d42178882b7f7126a0c2cb3c848daed2f4f5a276dd1ded75921cc4d073a", size = 46062, upload-time = "2025-11-18T10:57:47.601Z" }
wheels = [
    { url = "https://files.pythonhosted.org/packages/8e/e1/202a31727b0d096a04380f78e809074d7a1d0a22d9d5a39fea1d2353fd02/shtab-1.8.0-py3-none-any.whl", hash = "sha256:f0922a82174b4007e06ac0bac4f79abd826c5cca88e201bfd927f889803c571d", size = 14457, upload-time = "2025-11-18T10:57:45.906Z" },
]
